// !$*UTF8*$!
{
	archiveVersion = 1;
	classes = {
	};
	objectVersion = 52;
	objects = {

/* Begin PBXBuildFile section */
		1DE52889273C1EB4004CB071 /* AppDelegate.swift in Sources */ = {isa = PBXBuildFile; fileRef = 1DE52888273C1EB4004CB071 /* AppDelegate.swift */; };
		1DE5288B273C1EB4004CB071 /* SceneDelegate.swift in Sources */ = {isa = PBXBuildFile; fileRef = 1DE5288A273C1EB4004CB071 /* SceneDelegate.swift */; };
		1DE5288D273C1EB4004CB071 /* ViewController.swift in Sources */ = {isa = PBXBuildFile; fileRef = 1DE5288C273C1EB4004CB071 /* ViewController.swift */; };
		1DE52893273C1EB4004CB071 /* myCV.xcdatamodeld in Sources */ = {isa = PBXBuildFile; fileRef = 1DE52891273C1EB4004CB071 /* myCV.xcdatamodeld */; };
		1DE52895273C1EB8004CB071 /* Assets.xcassets in Resources */ = {isa = PBXBuildFile; fileRef = 1DE52894273C1EB8004CB071 /* Assets.xcassets */; };
		1DE52898273C1EB8004CB071 /* LaunchScreen.storyboard in Resources */ = {isa = PBXBuildFile; fileRef = 1DE52896273C1EB8004CB071 /* LaunchScreen.storyboard */; };
		1DE528A1273C201E004CB071 /* SkillViewController.swift in Sources */ = {isa = PBXBuildFile; fileRef = 1DE528A0273C201E004CB071 /* SkillViewController.swift */; };
		1DE528A4273C202D004CB071 /* HobbieViewController.swift in Sources */ = {isa = PBXBuildFile; fileRef = 1DE528A3273C202D004CB071 /* HobbieViewController.swift */; };
		1DE528AE273C27BC004CB071 /* TabBar.swift in Sources */ = {isa = PBXBuildFile; fileRef = 1DE528AD273C27BC004CB071 /* TabBar.swift */; };
		1DE528B3273C4098004CB071 /* SnapKit in Frameworks */ = {isa = PBXBuildFile; productRef = 1DE528B2273C4098004CB071 /* SnapKit */; };
/* End PBXBuildFile section */

/* Begin PBXFileReference section */
		1DE52885273C1EB4004CB071 /* myCV.app */ = {isa = PBXFileReference; explicitFileType = wrapper.application; includeInIndex = 0; path = myCV.app; sourceTree = BUILT_PRODUCTS_DIR; };
		1DE52888273C1EB4004CB071 /* AppDelegate.swift */ = {isa = PBXFileReference; lastKnownFileType = sourcecode.swift; path = AppDelegate.swift; sourceTree = "<group>"; };
		1DE5288A273C1EB4004CB071 /* SceneDelegate.swift */ = {isa = PBXFileReference; lastKnownFileType = sourcecode.swift; path = SceneDelegate.swift; sourceTree = "<group>"; };
		1DE5288C273C1EB4004CB071 /* ViewController.swift */ = {isa = PBXFileReference; lastKnownFileType = sourcecode.swift; path = ViewController.swift; sourceTree = "<group>"; };
		1DE52892273C1EB4004CB071 /* myCV.xcdatamodel */ = {isa = PBXFileReference; lastKnownFileType = wrapper.xcdatamodel; path = myCV.xcdatamodel; sourceTree = "<group>"; };
		1DE52894273C1EB8004CB071 /* Assets.xcassets */ = {isa = PBXFileReference; lastKnownFileType = folder.assetcatalog; path = Assets.xcassets; sourceTree = "<group>"; };
		1DE52897273C1EB8004CB071 /* Base */ = {isa = PBXFileReference; lastKnownFileType = file.storyboard; name = Base; path = Base.lproj/LaunchScreen.storyboard; sourceTree = "<group>"; };
		1DE52899273C1EB8004CB071 /* Info.plist */ = {isa = PBXFileReference; lastKnownFileType = text.plist.xml; path = Info.plist; sourceTree = "<group>"; };
		1DE528A0273C201E004CB071 /* SkillViewController.swift */ = {isa = PBXFileReference; lastKnownFileType = sourcecode.swift; path = SkillViewController.swift; sourceTree = "<group>"; };
		1DE528A3273C202D004CB071 /* HobbieViewController.swift */ = {isa = PBXFileReference; lastKnownFileType = sourcecode.swift; path = HobbieViewController.swift; sourceTree = "<group>"; };
		1DE528AD273C27BC004CB071 /* TabBar.swift */ = {isa = PBXFileReference; lastKnownFileType = sourcecode.swift; path = TabBar.swift; sourceTree = "<group>"; };
/* End PBXFileReference section */

/* Begin PBXFrameworksBuildPhase section */
		1DE52882273C1EB4004CB071 /* Frameworks */ = {
			isa = PBXFrameworksBuildPhase;
			buildActionMask = 2147483647;
			files = (
				1DE528B3273C4098004CB071 /* SnapKit in Frameworks */,
			);
			runOnlyForDeploymentPostprocessing = 0;
		};
/* End PBXFrameworksBuildPhase section */

/* Begin PBXGroup section */
		1DE5287C273C1EB4004CB071 = {
			isa = PBXGroup;
			children = (
				1DE52887273C1EB4004CB071 /* myCV */,
				1DE52886273C1EB4004CB071 /* Products */,
			);
			sourceTree = "<group>";
		};
		1DE52886273C1EB4004CB071 /* Products */ = {
			isa = PBXGroup;
			children = (
				1DE52885273C1EB4004CB071 /* myCV.app */,
			);
			name = Products;
			sourceTree = "<group>";
		};
		1DE52887273C1EB4004CB071 /* myCV */ = {
			isa = PBXGroup;
			children = (
				1DE52888273C1EB4004CB071 /* AppDelegate.swift */,
				1DE5288A273C1EB4004CB071 /* SceneDelegate.swift */,
				1DE528AD273C27BC004CB071 /* TabBar.swift */,
				1DE5288C273C1EB4004CB071 /* ViewController.swift */,
				1DE528A0273C201E004CB071 /* SkillViewController.swift */,
				1DE528A3273C202D004CB071 /* HobbieViewController.swift */,
				1DE52894273C1EB8004CB071 /* Assets.xcassets */,
				1DE52896273C1EB8004CB071 /* LaunchScreen.storyboard */,
				1DE52899273C1EB8004CB071 /* Info.plist */,
				1DE52891273C1EB4004CB071 /* myCV.xcdatamodeld */,
			);
			path = myCV;
			sourceTree = "<group>";
		};
/* End PBXGroup section */

/* Begin PBXNativeTarget section */
		1DE52884273C1EB4004CB071 /* myCV */ = {
			isa = PBXNativeTarget;
			buildConfigurationList = 1DE5289C273C1EB8004CB071 /* Build configuration list for PBXNativeTarget "myCV" */;
			buildPhases = (
				1DE52881273C1EB4004CB071 /* Sources */,
				1DE52882273C1EB4004CB071 /* Frameworks */,
				1DE52883273C1EB4004CB071 /* Resources */,
			);
			buildRules = (
			);
			dependencies = (
			);
			name = myCV;
			packageProductDependencies = (
				1DE528B2273C4098004CB071 /* SnapKit */,
			);
			productName = myCV;
			productReference = 1DE52885273C1EB4004CB071 /* myCV.app */;
			productType = "com.apple.product-type.application";
		};
/* End PBXNativeTarget section */

/* Begin PBXProject section */
		1DE5287D273C1EB4004CB071 /* Project object */ = {
			isa = PBXProject;
			attributes = {
				LastSwiftUpdateCheck = 1210;
				LastUpgradeCheck = 1210;
				TargetAttributes = {
					1DE52884273C1EB4004CB071 = {
						CreatedOnToolsVersion = 12.1;
					};
				};
			};
			buildConfigurationList = 1DE52880273C1EB4004CB071 /* Build configuration list for PBXProject "myCV" */;
			compatibilityVersion = "Xcode 9.3";
			developmentRegion = en;
			hasScannedForEncodings = 0;
			knownRegions = (
				en,
				Base,
			);
			mainGroup = 1DE5287C273C1EB4004CB071;
			packageReferences = (
				1DE528B1273C4098004CB071 /* XCRemoteSwiftPackageReference "SnapKit" */,
			);
			productRefGroup = 1DE52886273C1EB4004CB071 /* Products */;
			projectDirPath = "";
			projectRoot = "";
			targets = (
				1DE52884273C1EB4004CB071 /* myCV */,
			);
		};
/* End PBXProject section */

/* Begin PBXResourcesBuildPhase section */
		1DE52883273C1EB4004CB071 /* Resources */ = {
			isa = PBXResourcesBuildPhase;
			buildActionMask = 2147483647;
			files = (
				1DE52898273C1EB8004CB071 /* LaunchScreen.storyboard in Resources */,
				1DE52895273C1EB8004CB071 /* Assets.xcassets in Resources */,
			);
			runOnlyForDeploymentPostprocessing = 0;
		};
/* End PBXResourcesBuildPhase section */

/* Begin PBXSourcesBuildPhase section */
		1DE52881273C1EB4004CB071 /* Sources */ = {
			isa = PBXSourcesBuildPhase;
			buildActionMask = 2147483647;
			files = (
				1DE52893273C1EB4004CB071 /* myCV.xcdatamodeld in Sources */,
				1DE5288D273C1EB4004CB071 /* ViewController.swift in Sources */,
				1DE528A1273C201E004CB071 /* SkillViewController.swift in Sources */,
				1DE52889273C1EB4004CB071 /* AppDelegate.swift in Sources */,
				1DE5288B273C1EB4004CB071 /* SceneDelegate.swift in Sources */,
				1DE528A4273C202D004CB071 /* HobbieViewController.swift in Sources */,
				1DE528AE273C27BC004CB071 /* TabBar.swift in Sources */,
			);
			runOnlyForDeploymentPostprocessing = 0;
		};
/* End PBXSourcesBuildPhase section */

/* Begin PBXVariantGroup section */
		1DE52896273C1EB8004CB071 /* LaunchScreen.storyboard */ = {
			isa = PBXVariantGroup;
			children = (
				1DE52897273C1EB8004CB071 /* Base */,
			);
			name = LaunchScreen.storyboard;
			sourceTree = "<group>";
		};
/* End PBXVariantGroup section */

/* Begin XCBuildConfiguration section */
		1DE5289A273C1EB8004CB071 /* Debug */ = {
			isa = XCBuildConfiguration;
			buildSettings = {
				ALWAYS_SEARCH_USER_PATHS = NO;
				CLANG_ANALYZER_NONNULL = YES;
				CLANG_ANALYZER_NUMBER_OBJECT_CONVERSION = YES_AGGRESSIVE;
				CLANG_CXX_LANGUAGE_STANDARD = "gnu++14";
				CLANG_CXX_LIBRARY = "libc++";
				CLANG_ENABLE_MODULES = YES;
				CLANG_ENABLE_OBJC_ARC = YES;
				CLANG_ENABLE_OBJC_WEAK = YES;
				CLANG_WARN_BLOCK_CAPTURE_AUTORELEASING = YES;
				CLANG_WARN_BOOL_CONVERSION = YES;
				CLANG_WARN_COMMA = YES;
				CLANG_WARN_CONSTANT_CONVERSION = YES;
				CLANG_WARN_DEPRECATED_OBJC_IMPLEMENTATIONS = YES;
				CLANG_WARN_DIRECT_OBJC_ISA_USAGE = YES_ERROR;
				CLANG_WARN_DOCUMENTATION_COMMENTS = YES;
				CLANG_WARN_EMPTY_BODY = YES;
				CLANG_WARN_ENUM_CONVERSION = YES;
				CLANG_WARN_INFINITE_RECURSION = YES;
				CLANG_WARN_INT_CONVERSION = YES;
				CLANG_WARN_NON_LITERAL_NULL_CONVERSION = YES;
				CLANG_WARN_OBJC_IMPLICIT_RETAIN_SELF = YES;
				CLANG_WARN_OBJC_LITERAL_CONVERSION = YES;
				CLANG_WARN_OBJC_ROOT_CLASS = YES_ERROR;
				CLANG_WARN_QUOTED_INCLUDE_IN_FRAMEWORK_HEADER = YES;
				CLANG_WARN_RANGE_LOOP_ANALYSIS = YES;
				CLANG_WARN_STRICT_PROTOTYPES = YES;
				CLANG_WARN_SUSPICIOUS_MOVE = YES;
				CLANG_WARN_UNGUARDED_AVAILABILITY = YES_AGGRESSIVE;
				CLANG_WARN_UNREACHABLE_CODE = YES;
				CLANG_WARN__DUPLICATE_METHOD_MATCH = YES;
				COPY_PHASE_STRIP = NO;
				DEBUG_INFORMATION_FORMAT = dwarf;
				ENABLE_STRICT_OBJC_MSGSEND = YES;
				ENABLE_TESTABILITY = YES;
				GCC_C_LANGUAGE_STANDARD = gnu11;
				GCC_DYNAMIC_NO_PIC = NO;
				GCC_NO_COMMON_BLOCKS = YES;
				GCC_OPTIMIZATION_LEVEL = 0;
				GCC_PREPROCESSOR_DEFINITIONS = (
					"DEBUG=1",
					"$(inherited)",
				);
				GCC_WARN_64_TO_32_BIT_CONVERSION = YES;
				GCC_WARN_ABOUT_RETURN_TYPE = YES_ERROR;
				GCC_WARN_UNDECLARED_SELECTOR = YES;
				GCC_WARN_UNINITIALIZED_AUTOS = YES_AGGRESSIVE;
				GCC_WARN_UNUSED_FUNCTION = YES;
				GCC_WARN_UNUSED_VARIABLE = YES;
				IPHONEOS_DEPLOYMENT_TARGET = 14.1;
				MTL_ENABLE_DEBUG_INFO = INCLUDE_SOURCE;
				MTL_FAST_MATH = YES;
				ONLY_ACTIVE_ARCH = YES;
				SDKROOT = iphoneos;
				SWIFT_ACTIVE_COMPILATION_CONDITIONS = DEBUG;
				SWIFT_OPTIMIZATION_LEVEL = "-Onone";
			};
			name = Debug;
		};
		1DE5289B273C1EB8004CB071 /* Release */ = {
			isa = XCBuildConfiguration;
			buildSettings = {
				ALWAYS_SEARCH_USER_PATHS = NO;
				CLANG_ANALYZER_NONNULL = YES;
				CLANG_ANALYZER_NUMBER_OBJECT_CONVERSION = YES_AGGRESSIVE;
				CLANG_CXX_LANGUAGE_STANDARD = "gnu++14";
				CLANG_CXX_LIBRARY = "libc++";
				CLANG_ENABLE_MODULES = YES;
				CLANG_ENABLE_OBJC_ARC = YES;
				CLANG_ENABLE_OBJC_WEAK = YES;
				CLANG_WARN_BLOCK_CAPTURE_AUTORELEASING = YES;
				CLANG_WARN_BOOL_CONVERSION = YES;
				CLANG_WARN_COMMA = YES;
				CLANG_WARN_CONSTANT_CONVERSION = YES;
				CLANG_WARN_DEPRECATED_OBJC_IMPLEMENTATIONS = YES;
				CLANG_WARN_DIRECT_OBJC_ISA_USAGE = YES_ERROR;
				CLANG_WARN_DOCUMENTATION_COMMENTS = YES;
				CLANG_WARN_EMPTY_BODY = YES;
				CLANG_WARN_ENUM_CONVERSION = YES;
				CLANG_WARN_INFINITE_RECURSION = YES;
				CLANG_WARN_INT_CONVERSION = YES;
				CLANG_WARN_NON_LITERAL_NULL_CONVERSION = YES;
				CLANG_WARN_OBJC_IMPLICIT_RETAIN_SELF = YES;
				CLANG_WARN_OBJC_LITERAL_CONVERSION = YES;
				CLANG_WARN_OBJC_ROOT_CLASS = YES_ERROR;
				CLANG_WARN_QUOTED_INCLUDE_IN_FRAMEWORK_HEADER = YES;
				CLANG_WARN_RANGE_LOOP_ANALYSIS = YES;
				CLANG_WARN_STRICT_PROTOTYPES = YES;
				CLANG_WARN_SUSPICIOUS_MOVE = YES;
				CLANG_WARN_UNGUARDED_AVAILABILITY = YES_AGGRESSIVE;
				CLANG_WARN_UNREACHABLE_CODE = YES;
				CLANG_WARN__DUPLICATE_METHOD_MATCH = YES;
				COPY_PHASE_STRIP = NO;
				DEBUG_INFORMATION_FORMAT = "dwarf-with-dsym";
				ENABLE_NS_ASSERTIONS = NO;
				ENABLE_STRICT_OBJC_MSGSEND = YES;
				GCC_C_LANGUAGE_STANDARD = gnu11;
				GCC_NO_COMMON_BLOCKS = YES;
				GCC_WARN_64_TO_32_BIT_CONVERSION = YES;
				GCC_WARN_ABOUT_RETURN_TYPE = YES_ERROR;
				GCC_WARN_UNDECLARED_SELECTOR = YES;
				GCC_WARN_UNINITIALIZED_AUTOS = YES_AGGRESSIVE;
				GCC_WARN_UNUSED_FUNCTION = YES;
				GCC_WARN_UNUSED_VARIABLE = YES;
				IPHONEOS_DEPLOYMENT_TARGET = 14.1;
				MTL_ENABLE_DEBUG_INFO = NO;
				MTL_FAST_MATH = YES;
				SDKROOT = iphoneos;
				SWIFT_COMPILATION_MODE = wholemodule;
				SWIFT_OPTIMIZATION_LEVEL = "-O";
				VALIDATE_PRODUCT = YES;
			};
			name = Release;
		};
		1DE5289D273C1EB8004CB071 /* Debug */ = {
			isa = XCBuildConfiguration;
			buildSettings = {
				ASSETCATALOG_COMPILER_APPICON_NAME = AppIcon;
				ASSETCATALOG_COMPILER_GLOBAL_ACCENT_COLOR_NAME = AccentColor;
				CODE_SIGN_STYLE = Automatic;
				DEVELOPMENT_TEAM = M942N4BF5Y;
				INFOPLIST_FILE = myCV/Info.plist;
				LD_RUNPATH_SEARCH_PATHS = (
					"$(inherited)",
					"@executable_path/Frameworks",
				);
				PRODUCT_BUNDLE_IDENTIFIER = L9v0n.INC.myCV;
				PRODUCT_NAME = "$(TARGET_NAME)";
				SWIFT_VERSION = 5.0;
				TARGETED_DEVICE_FAMILY = "1,2";
			};
			name = Debug;
		};
		1DE5289E273C1EB8004CB071 /* Release */ = {
			isa = XCBuildConfiguration;
			buildSettings = {
				ASSETCATALOG_COMPILER_APPICON_NAME = AppIcon;
				ASSETCATALOG_COMPILER_GLOBAL_ACCENT_COLOR_NAME = AccentColor;
				CODE_SIGN_STYLE = Automatic;
				DEVELOPMENT_TEAM = M942N4BF5Y;
				INFOPLIST_FILE = myCV/Info.plist;
				LD_RUNPATH_SEARCH_PATHS = (
					"$(inherited)",
					"@executable_path/Frameworks",
				);
				PRODUCT_BUNDLE_IDENTIFIER = L9v0n.INC.myCV;
				PRODUCT_NAME = "$(TARGET_NAME)";
				SWIFT_VERSION = 5.0;
				TARGETED_DEVICE_FAMILY = "1,2";
			};
			name = Release;
		};
/* End XCBuildConfiguration section */

/* Begin XCConfigurationList section */
		1DE52880273C1EB4004CB071 /* Build configuration list for PBXProject "myCV" */ = {
			isa = XCConfigurationList;
			buildConfigurations = (
				1DE5289A273C1EB8004CB071 /* Debug */,
				1DE5289B273C1EB8004CB071 /* Release */,
			);
			defaultConfigurationIsVisible = 0;
			defaultConfigurationName = Release;
		};
		1DE5289C273C1EB8004CB071 /* Build configuration list for PBXNativeTarget "myCV" */ = {
			isa = XCConfigurationList;
			buildConfigurations = (
				1DE5289D273C1EB8004CB071 /* Debug */,
				1DE5289E273C1EB8004CB071 /* Release */,
			);
			defaultConfigurationIsVisible = 0;
			defaultConfigurationName = Release;
		};
/* End XCConfigurationList section */

/* Begin XCRemoteSwiftPackageReference section */
		1DE528B1273C4098004CB071 /* XCRemoteSwiftPackageReference "SnapKit" */ = {
			isa = XCRemoteSwiftPackageReference;
			repositoryURL = "https://github.com/SnapKit/SnapKit";
			requirement = {
				kind = upToNextMajorVersion;
				minimumVersion = 5.0.1;
			};
		};
/* End XCRemoteSwiftPackageReference section */

/* Begin XCSwiftPackageProductDependency section */
		1DE528B2273C4098004CB071 /* SnapKit */ = {
			isa = XCSwiftPackageProductDependency;
			package = 1DE528B1273C4098004CB071 /* XCRemoteSwiftPackageReference "SnapKit" */;
			productName = SnapKit;
		};
/* End XCSwiftPackageProductDependency section */

/* Begin XCVersionGroup section */
		1DE52891273C1EB4004CB071 /* myCV.xcdatamodeld */ = {
			isa = XCVersionGroup;
			children = (
				1DE52892273C1EB4004CB071 /* myCV.xcdatamodel */,
			);
			currentVersion = 1DE52892273C1EB4004CB071 /* myCV.xcdatamodel */;
			path = myCV.xcdatamodeld;
			sourceTree = "<group>";
			versionGroupType = wrapper.xcdatamodel;
		};
/* End XCVersionGroup section */
	};
	rootObject = 1DE5287D273C1EB4004CB071 /* Project object */;
}
