// !$*UTF8*$!
{
	archiveVersion = 1;
	classes = {
	};
	objectVersion = 52;
	objects = {

/* Begin PBXBuildFile section */
		1D947C6C27620DDE00CE740C /* TypeOfCar.swift in Sources */ = {isa = PBXBuildFile; fileRef = 1D947C6B27620DDE00CE740C /* TypeOfCar.swift */; };
		1DCF7E2A275B3470009730E8 /* AppDelegate.swift in Sources */ = {isa = PBXBuildFile; fileRef = 1DCF7E29275B3470009730E8 /* AppDelegate.swift */; };
		1DCF7E2C275B3470009730E8 /* SceneDelegate.swift in Sources */ = {isa = PBXBuildFile; fileRef = 1DCF7E2B275B3470009730E8 /* SceneDelegate.swift */; };
		1DCF7E33275B3474009730E8 /* Assets.xcassets in Resources */ = {isa = PBXBuildFile; fileRef = 1DCF7E32275B3474009730E8 /* Assets.xcassets */; };
		1DCF7E36275B3474009730E8 /* LaunchScreen.storyboard in Resources */ = {isa = PBXBuildFile; fileRef = 1DCF7E34275B3474009730E8 /* LaunchScreen.storyboard */; };
		1DCF7E44275B3CA1009730E8 /* CarModel.swift in Sources */ = {isa = PBXBuildFile; fileRef = 1DCF7E43275B3CA1009730E8 /* CarModel.swift */; };
		1DCF7E49275B3F50009730E8 /* SnapKit in Frameworks */ = {isa = PBXBuildFile; productRef = 1DCF7E48275B3F50009730E8 /* SnapKit */; };
		1DCF7E4C275B3FAF009730E8 /* PickPresenter.swift in Sources */ = {isa = PBXBuildFile; fileRef = 1DCF7E4B275B3FAF009730E8 /* PickPresenter.swift */; };
		1DCF7E4F275B3FE0009730E8 /* PickView.swift in Sources */ = {isa = PBXBuildFile; fileRef = 1DCF7E4E275B3FE0009730E8 /* PickView.swift */; };
		1DCF7E52275B3FEF009730E8 /* PickViewController.swift in Sources */ = {isa = PBXBuildFile; fileRef = 1DCF7E51275B3FEF009730E8 /* PickViewController.swift */; };
		1DCF7E55275B4003009730E8 /* PickTableView.swift in Sources */ = {isa = PBXBuildFile; fileRef = 1DCF7E54275B4003009730E8 /* PickTableView.swift */; };
		1DCF7E58275B4024009730E8 /* PickTableViewCell.swift in Sources */ = {isa = PBXBuildFile; fileRef = 1DCF7E57275B4024009730E8 /* PickTableViewCell.swift */; };
		1DCF7E5B275B40EF009730E8 /* ShowModel.swift in Sources */ = {isa = PBXBuildFile; fileRef = 1DCF7E5A275B40EF009730E8 /* ShowModel.swift */; };
		1DCF7E5F275B40FD009730E8 /* ShowView.swift in Sources */ = {isa = PBXBuildFile; fileRef = 1DCF7E5E275B40FD009730E8 /* ShowView.swift */; };
		1DCF7E62275B4195009730E8 /* ShowPresenter.swift in Sources */ = {isa = PBXBuildFile; fileRef = 1DCF7E61275B4195009730E8 /* ShowPresenter.swift */; };
		1DCF7E65275B41A5009730E8 /* ShowViewController.swift in Sources */ = {isa = PBXBuildFile; fileRef = 1DCF7E64275B41A5009730E8 /* ShowViewController.swift */; };
		1DCF7E72275B5158009730E8 /* Metrics.swift in Sources */ = {isa = PBXBuildFile; fileRef = 1DCF7E71275B5158009730E8 /* Metrics.swift */; };
		1DCF7E76275B5492009730E8 /* PickModel.swift in Sources */ = {isa = PBXBuildFile; fileRef = 1DCF7E75275B5492009730E8 /* PickModel.swift */; };
		1DCF7E7B275B62C0009730E8 /* PickPresentModel.swift in Sources */ = {isa = PBXBuildFile; fileRef = 1DCF7E7A275B62C0009730E8 /* PickPresentModel.swift */; };
		1DCF7E7F275BBCF4009730E8 /* PickRouter.swift in Sources */ = {isa = PBXBuildFile; fileRef = 1DCF7E7E275BBCF4009730E8 /* PickRouter.swift */; };
		1DCF7E82275BBD0C009730E8 /* PickAssembly.swift in Sources */ = {isa = PBXBuildFile; fileRef = 1DCF7E81275BBD0C009730E8 /* PickAssembly.swift */; };
		1DCF7E87275C996B009730E8 /* ShowAssembly.swift in Sources */ = {isa = PBXBuildFile; fileRef = 1DCF7E86275C996B009730E8 /* ShowAssembly.swift */; };
		1DCF7E8A275C997C009730E8 /* ShowRouter.swift in Sources */ = {isa = PBXBuildFile; fileRef = 1DCF7E89275C997C009730E8 /* ShowRouter.swift */; };
		1DCF7E8D275CA05E009730E8 /* ShowPresentModel.swift in Sources */ = {isa = PBXBuildFile; fileRef = 1DCF7E8C275CA05E009730E8 /* ShowPresentModel.swift */; };
/* End PBXBuildFile section */

/* Begin PBXFileReference section */
		1D947C6B27620DDE00CE740C /* TypeOfCar.swift */ = {isa = PBXFileReference; lastKnownFileType = sourcecode.swift; path = TypeOfCar.swift; sourceTree = "<group>"; };
		1DCF7E26275B3470009730E8 /* Cars.app */ = {isa = PBXFileReference; explicitFileType = wrapper.application; includeInIndex = 0; path = Cars.app; sourceTree = BUILT_PRODUCTS_DIR; };
		1DCF7E29275B3470009730E8 /* AppDelegate.swift */ = {isa = PBXFileReference; lastKnownFileType = sourcecode.swift; path = AppDelegate.swift; sourceTree = "<group>"; };
		1DCF7E2B275B3470009730E8 /* SceneDelegate.swift */ = {isa = PBXFileReference; lastKnownFileType = sourcecode.swift; path = SceneDelegate.swift; sourceTree = "<group>"; };
		1DCF7E32275B3474009730E8 /* Assets.xcassets */ = {isa = PBXFileReference; lastKnownFileType = folder.assetcatalog; path = Assets.xcassets; sourceTree = "<group>"; };
		1DCF7E35275B3474009730E8 /* Base */ = {isa = PBXFileReference; lastKnownFileType = file.storyboard; name = Base; path = Base.lproj/LaunchScreen.storyboard; sourceTree = "<group>"; };
		1DCF7E37275B3474009730E8 /* Info.plist */ = {isa = PBXFileReference; lastKnownFileType = text.plist.xml; path = Info.plist; sourceTree = "<group>"; };
		1DCF7E43275B3CA1009730E8 /* CarModel.swift */ = {isa = PBXFileReference; lastKnownFileType = sourcecode.swift; path = CarModel.swift; sourceTree = "<group>"; };
		1DCF7E4B275B3FAF009730E8 /* PickPresenter.swift */ = {isa = PBXFileReference; lastKnownFileType = sourcecode.swift; path = PickPresenter.swift; sourceTree = "<group>"; };
		1DCF7E4E275B3FE0009730E8 /* PickView.swift */ = {isa = PBXFileReference; lastKnownFileType = sourcecode.swift; path = PickView.swift; sourceTree = "<group>"; };
		1DCF7E51275B3FEF009730E8 /* PickViewController.swift */ = {isa = PBXFileReference; lastKnownFileType = sourcecode.swift; path = PickViewController.swift; sourceTree = "<group>"; };
		1DCF7E54275B4003009730E8 /* PickTableView.swift */ = {isa = PBXFileReference; lastKnownFileType = sourcecode.swift; path = PickTableView.swift; sourceTree = "<group>"; };
		1DCF7E57275B4024009730E8 /* PickTableViewCell.swift */ = {isa = PBXFileReference; lastKnownFileType = sourcecode.swift; path = PickTableViewCell.swift; sourceTree = "<group>"; };
		1DCF7E5A275B40EF009730E8 /* ShowModel.swift */ = {isa = PBXFileReference; lastKnownFileType = sourcecode.swift; path = ShowModel.swift; sourceTree = "<group>"; };
		1DCF7E5E275B40FD009730E8 /* ShowView.swift */ = {isa = PBXFileReference; lastKnownFileType = sourcecode.swift; path = ShowView.swift; sourceTree = "<group>"; };
		1DCF7E61275B4195009730E8 /* ShowPresenter.swift */ = {isa = PBXFileReference; lastKnownFileType = sourcecode.swift; path = ShowPresenter.swift; sourceTree = "<group>"; };
		1DCF7E64275B41A5009730E8 /* ShowViewController.swift */ = {isa = PBXFileReference; lastKnownFileType = sourcecode.swift; path = ShowViewController.swift; sourceTree = "<group>"; };
		1DCF7E71275B5158009730E8 /* Metrics.swift */ = {isa = PBXFileReference; lastKnownFileType = sourcecode.swift; path = Metrics.swift; sourceTree = "<group>"; };
		1DCF7E75275B5492009730E8 /* PickModel.swift */ = {isa = PBXFileReference; lastKnownFileType = sourcecode.swift; path = PickModel.swift; sourceTree = "<group>"; };
		1DCF7E7A275B62C0009730E8 /* PickPresentModel.swift */ = {isa = PBXFileReference; lastKnownFileType = sourcecode.swift; path = PickPresentModel.swift; sourceTree = "<group>"; };
		1DCF7E7E275BBCF4009730E8 /* PickRouter.swift */ = {isa = PBXFileReference; lastKnownFileType = sourcecode.swift; path = PickRouter.swift; sourceTree = "<group>"; };
		1DCF7E81275BBD0C009730E8 /* PickAssembly.swift */ = {isa = PBXFileReference; lastKnownFileType = sourcecode.swift; path = PickAssembly.swift; sourceTree = "<group>"; };
		1DCF7E86275C996B009730E8 /* ShowAssembly.swift */ = {isa = PBXFileReference; lastKnownFileType = sourcecode.swift; path = ShowAssembly.swift; sourceTree = "<group>"; };
		1DCF7E89275C997C009730E8 /* ShowRouter.swift */ = {isa = PBXFileReference; lastKnownFileType = sourcecode.swift; path = ShowRouter.swift; sourceTree = "<group>"; };
		1DCF7E8C275CA05E009730E8 /* ShowPresentModel.swift */ = {isa = PBXFileReference; lastKnownFileType = sourcecode.swift; path = ShowPresentModel.swift; sourceTree = "<group>"; };
/* End PBXFileReference section */

/* Begin PBXFrameworksBuildPhase section */
		1DCF7E23275B3470009730E8 /* Frameworks */ = {
			isa = PBXFrameworksBuildPhase;
			buildActionMask = 2147483647;
			files = (
				1DCF7E49275B3F50009730E8 /* SnapKit in Frameworks */,
			);
			runOnlyForDeploymentPostprocessing = 0;
		};
/* End PBXFrameworksBuildPhase section */

/* Begin PBXGroup section */
		1DCF7E1D275B3470009730E8 = {
			isa = PBXGroup;
			children = (
				1DCF7E28275B3470009730E8 /* Cars */,
				1DCF7E27275B3470009730E8 /* Products */,
			);
			sourceTree = "<group>";
		};
		1DCF7E27275B3470009730E8 /* Products */ = {
			isa = PBXGroup;
			children = (
				1DCF7E26275B3470009730E8 /* Cars.app */,
			);
			name = Products;
			sourceTree = "<group>";
		};
		1DCF7E28275B3470009730E8 /* Cars */ = {
			isa = PBXGroup;
			children = (
				1DCF7E70275B512F009730E8 /* Resources */,
				1DCF7E40275B35FD009730E8 /* PickView */,
				1DCF7E42275B364A009730E8 /* ShowView */,
				1DCF7E29275B3470009730E8 /* AppDelegate.swift */,
				1DCF7E2B275B3470009730E8 /* SceneDelegate.swift */,
				1DCF7E32275B3474009730E8 /* Assets.xcassets */,
				1DCF7E34275B3474009730E8 /* LaunchScreen.storyboard */,
				1DCF7E37275B3474009730E8 /* Info.plist */,
			);
			path = Cars;
			sourceTree = "<group>";
		};
		1DCF7E40275B35FD009730E8 /* PickView */ = {
			isa = PBXGroup;
			children = (
				1DCF7E43275B3CA1009730E8 /* CarModel.swift */,
				1DCF7E75275B5492009730E8 /* PickModel.swift */,
				1DCF7E7A275B62C0009730E8 /* PickPresentModel.swift */,
				1DCF7E4B275B3FAF009730E8 /* PickPresenter.swift */,
				1DCF7E51275B3FEF009730E8 /* PickViewController.swift */,
				1DCF7E4E275B3FE0009730E8 /* PickView.swift */,
				1DCF7E54275B4003009730E8 /* PickTableView.swift */,
				1DCF7E57275B4024009730E8 /* PickTableViewCell.swift */,
				1DCF7E7E275BBCF4009730E8 /* PickRouter.swift */,
				1DCF7E81275BBD0C009730E8 /* PickAssembly.swift */,
			);
			path = PickView;
			sourceTree = "<group>";
		};
		1DCF7E42275B364A009730E8 /* ShowView */ = {
			isa = PBXGroup;
			children = (
				1D947C6B27620DDE00CE740C /* TypeOfCar.swift */,
				1DCF7E5A275B40EF009730E8 /* ShowModel.swift */,
				1DCF7E8C275CA05E009730E8 /* ShowPresentModel.swift */,
				1DCF7E5E275B40FD009730E8 /* ShowView.swift */,
				1DCF7E61275B4195009730E8 /* ShowPresenter.swift */,
				1DCF7E64275B41A5009730E8 /* ShowViewController.swift */,
				1DCF7E86275C996B009730E8 /* ShowAssembly.swift */,
				1DCF7E89275C997C009730E8 /* ShowRouter.swift */,
			);
			path = ShowView;
			sourceTree = "<group>";
		};
		1DCF7E70275B512F009730E8 /* Resources */ = {
			isa = PBXGroup;
			children = (
				1DCF7E71275B5158009730E8 /* Metrics.swift */,
			);
			path = Resources;
			sourceTree = "<group>";
		};
/* End PBXGroup section */

/* Begin PBXNativeTarget section */
		1DCF7E25275B3470009730E8 /* Cars */ = {
			isa = PBXNativeTarget;
			buildConfigurationList = 1DCF7E3A275B3474009730E8 /* Build configuration list for PBXNativeTarget "Cars" */;
			buildPhases = (
				1DCF7E22275B3470009730E8 /* Sources */,
				1DCF7E23275B3470009730E8 /* Frameworks */,
				1DCF7E24275B3470009730E8 /* Resources */,
			);
			buildRules = (
			);
			dependencies = (
			);
			name = Cars;
			packageProductDependencies = (
				1DCF7E48275B3F50009730E8 /* SnapKit */,
			);
			productName = Cars;
			productReference = 1DCF7E26275B3470009730E8 /* Cars.app */;
			productType = "com.apple.product-type.application";
		};
/* End PBXNativeTarget section */

/* Begin PBXProject section */
		1DCF7E1E275B3470009730E8 /* Project object */ = {
			isa = PBXProject;
			attributes = {
				LastSwiftUpdateCheck = 1210;
				LastUpgradeCheck = 1210;
				TargetAttributes = {
					1DCF7E25275B3470009730E8 = {
						CreatedOnToolsVersion = 12.1;
					};
				};
			};
			buildConfigurationList = 1DCF7E21275B3470009730E8 /* Build configuration list for PBXProject "Cars" */;
			compatibilityVersion = "Xcode 9.3";
			developmentRegion = en;
			hasScannedForEncodings = 0;
			knownRegions = (
				en,
				Base,
			);
			mainGroup = 1DCF7E1D275B3470009730E8;
			packageReferences = (
				1DCF7E47275B3F50009730E8 /* XCRemoteSwiftPackageReference "SnapKit" */,
			);
			productRefGroup = 1DCF7E27275B3470009730E8 /* Products */;
			projectDirPath = "";
			projectRoot = "";
			targets = (
				1DCF7E25275B3470009730E8 /* Cars */,
			);
		};
/* End PBXProject section */

/* Begin PBXResourcesBuildPhase section */
		1DCF7E24275B3470009730E8 /* Resources */ = {
			isa = PBXResourcesBuildPhase;
			buildActionMask = 2147483647;
			files = (
				1DCF7E36275B3474009730E8 /* LaunchScreen.storyboard in Resources */,
				1DCF7E33275B3474009730E8 /* Assets.xcassets in Resources */,
			);
			runOnlyForDeploymentPostprocessing = 0;
		};
/* End PBXResourcesBuildPhase section */

/* Begin PBXSourcesBuildPhase section */
		1DCF7E22275B3470009730E8 /* Sources */ = {
			isa = PBXSourcesBuildPhase;
			buildActionMask = 2147483647;
			files = (
				1DCF7E82275BBD0C009730E8 /* PickAssembly.swift in Sources */,
				1DCF7E62275B4195009730E8 /* ShowPresenter.swift in Sources */,
				1DCF7E76275B5492009730E8 /* PickModel.swift in Sources */,
				1DCF7E2A275B3470009730E8 /* AppDelegate.swift in Sources */,
				1DCF7E4C275B3FAF009730E8 /* PickPresenter.swift in Sources */,
				1DCF7E44275B3CA1009730E8 /* CarModel.swift in Sources */,
				1DCF7E7B275B62C0009730E8 /* PickPresentModel.swift in Sources */,
				1DCF7E52275B3FEF009730E8 /* PickViewController.swift in Sources */,
				1DCF7E72275B5158009730E8 /* Metrics.swift in Sources */,
				1DCF7E55275B4003009730E8 /* PickTableView.swift in Sources */,
				1DCF7E5F275B40FD009730E8 /* ShowView.swift in Sources */,
				1DCF7E2C275B3470009730E8 /* SceneDelegate.swift in Sources */,
				1DCF7E5B275B40EF009730E8 /* ShowModel.swift in Sources */,
				1DCF7E58275B4024009730E8 /* PickTableViewCell.swift in Sources */,
				1DCF7E8A275C997C009730E8 /* ShowRouter.swift in Sources */,
				1DCF7E4F275B3FE0009730E8 /* PickView.swift in Sources */,
				1DCF7E8D275CA05E009730E8 /* ShowPresentModel.swift in Sources */,
				1DCF7E65275B41A5009730E8 /* ShowViewController.swift in Sources */,
				1DCF7E87275C996B009730E8 /* ShowAssembly.swift in Sources */,
				1DCF7E7F275BBCF4009730E8 /* PickRouter.swift in Sources */,
				1D947C6C27620DDE00CE740C /* TypeOfCar.swift in Sources */,
			);
			runOnlyForDeploymentPostprocessing = 0;
		};
/* End PBXSourcesBuildPhase section */

/* Begin PBXVariantGroup section */
		1DCF7E34275B3474009730E8 /* LaunchScreen.storyboard */ = {
			isa = PBXVariantGroup;
			children = (
				1DCF7E35275B3474009730E8 /* Base */,
			);
			name = LaunchScreen.storyboard;
			sourceTree = "<group>";
		};
/* End PBXVariantGroup section */

/* Begin XCBuildConfiguration section */
		1DCF7E38275B3474009730E8 /* Debug */ = {
			isa = XCBuildConfiguration;
			buildSettings = {
				ALWAYS_SEARCH_USER_PATHS = NO;
				CLANG_ANALYZER_NONNULL = YES;
				CLANG_ANALYZER_NUMBER_OBJECT_CONVERSION = YES_AGGRESSIVE;
				CLANG_CXX_LANGUAGE_STANDARD = "gnu++14";
				CLANG_CXX_LIBRARY = "libc++";
				CLANG_ENABLE_MODULES = YES;
				CLANG_ENABLE_OBJC_ARC = YES;
				CLANG_ENABLE_OBJC_WEAK = YES;
				CLANG_WARN_BLOCK_CAPTURE_AUTORELEASING = YES;
				CLANG_WARN_BOOL_CONVERSION = YES;
				CLANG_WARN_COMMA = YES;
				CLANG_WARN_CONSTANT_CONVERSION = YES;
				CLANG_WARN_DEPRECATED_OBJC_IMPLEMENTATIONS = YES;
				CLANG_WARN_DIRECT_OBJC_ISA_USAGE = YES_ERROR;
				CLANG_WARN_DOCUMENTATION_COMMENTS = YES;
				CLANG_WARN_EMPTY_BODY = YES;
				CLANG_WARN_ENUM_CONVERSION = YES;
				CLANG_WARN_INFINITE_RECURSION = YES;
				CLANG_WARN_INT_CONVERSION = YES;
				CLANG_WARN_NON_LITERAL_NULL_CONVERSION = YES;
				CLANG_WARN_OBJC_IMPLICIT_RETAIN_SELF = YES;
				CLANG_WARN_OBJC_LITERAL_CONVERSION = YES;
				CLANG_WARN_OBJC_ROOT_CLASS = YES_ERROR;
				CLANG_WARN_QUOTED_INCLUDE_IN_FRAMEWORK_HEADER = YES;
				CLANG_WARN_RANGE_LOOP_ANALYSIS = YES;
				CLANG_WARN_STRICT_PROTOTYPES = YES;
				CLANG_WARN_SUSPICIOUS_MOVE = YES;
				CLANG_WARN_UNGUARDED_AVAILABILITY = YES_AGGRESSIVE;
				CLANG_WARN_UNREACHABLE_CODE = YES;
				CLANG_WARN__DUPLICATE_METHOD_MATCH = YES;
				COPY_PHASE_STRIP = NO;
				DEBUG_INFORMATION_FORMAT = dwarf;
				ENABLE_STRICT_OBJC_MSGSEND = YES;
				ENABLE_TESTABILITY = YES;
				GCC_C_LANGUAGE_STANDARD = gnu11;
				GCC_DYNAMIC_NO_PIC = NO;
				GCC_NO_COMMON_BLOCKS = YES;
				GCC_OPTIMIZATION_LEVEL = 0;
				GCC_PREPROCESSOR_DEFINITIONS = (
					"DEBUG=1",
					"$(inherited)",
				);
				GCC_WARN_64_TO_32_BIT_CONVERSION = YES;
				GCC_WARN_ABOUT_RETURN_TYPE = YES_ERROR;
				GCC_WARN_UNDECLARED_SELECTOR = YES;
				GCC_WARN_UNINITIALIZED_AUTOS = YES_AGGRESSIVE;
				GCC_WARN_UNUSED_FUNCTION = YES;
				GCC_WARN_UNUSED_VARIABLE = YES;
				IPHONEOS_DEPLOYMENT_TARGET = 14.1;
				MTL_ENABLE_DEBUG_INFO = INCLUDE_SOURCE;
				MTL_FAST_MATH = YES;
				ONLY_ACTIVE_ARCH = YES;
				SDKROOT = iphoneos;
				SWIFT_ACTIVE_COMPILATION_CONDITIONS = DEBUG;
				SWIFT_OPTIMIZATION_LEVEL = "-Onone";
			};
			name = Debug;
		};
		1DCF7E39275B3474009730E8 /* Release */ = {
			isa = XCBuildConfiguration;
			buildSettings = {
				ALWAYS_SEARCH_USER_PATHS = NO;
				CLANG_ANALYZER_NONNULL = YES;
				CLANG_ANALYZER_NUMBER_OBJECT_CONVERSION = YES_AGGRESSIVE;
				CLANG_CXX_LANGUAGE_STANDARD = "gnu++14";
				CLANG_CXX_LIBRARY = "libc++";
				CLANG_ENABLE_MODULES = YES;
				CLANG_ENABLE_OBJC_ARC = YES;
				CLANG_ENABLE_OBJC_WEAK = YES;
				CLANG_WARN_BLOCK_CAPTURE_AUTORELEASING = YES;
				CLANG_WARN_BOOL_CONVERSION = YES;
				CLANG_WARN_COMMA = YES;
				CLANG_WARN_CONSTANT_CONVERSION = YES;
				CLANG_WARN_DEPRECATED_OBJC_IMPLEMENTATIONS = YES;
				CLANG_WARN_DIRECT_OBJC_ISA_USAGE = YES_ERROR;
				CLANG_WARN_DOCUMENTATION_COMMENTS = YES;
				CLANG_WARN_EMPTY_BODY = YES;
				CLANG_WARN_ENUM_CONVERSION = YES;
				CLANG_WARN_INFINITE_RECURSION = YES;
				CLANG_WARN_INT_CONVERSION = YES;
				CLANG_WARN_NON_LITERAL_NULL_CONVERSION = YES;
				CLANG_WARN_OBJC_IMPLICIT_RETAIN_SELF = YES;
				CLANG_WARN_OBJC_LITERAL_CONVERSION = YES;
				CLANG_WARN_OBJC_ROOT_CLASS = YES_ERROR;
				CLANG_WARN_QUOTED_INCLUDE_IN_FRAMEWORK_HEADER = YES;
				CLANG_WARN_RANGE_LOOP_ANALYSIS = YES;
				CLANG_WARN_STRICT_PROTOTYPES = YES;
				CLANG_WARN_SUSPICIOUS_MOVE = YES;
				CLANG_WARN_UNGUARDED_AVAILABILITY = YES_AGGRESSIVE;
				CLANG_WARN_UNREACHABLE_CODE = YES;
				CLANG_WARN__DUPLICATE_METHOD_MATCH = YES;
				COPY_PHASE_STRIP = NO;
				DEBUG_INFORMATION_FORMAT = "dwarf-with-dsym";
				ENABLE_NS_ASSERTIONS = NO;
				ENABLE_STRICT_OBJC_MSGSEND = YES;
				GCC_C_LANGUAGE_STANDARD = gnu11;
				GCC_NO_COMMON_BLOCKS = YES;
				GCC_WARN_64_TO_32_BIT_CONVERSION = YES;
				GCC_WARN_ABOUT_RETURN_TYPE = YES_ERROR;
				GCC_WARN_UNDECLARED_SELECTOR = YES;
				GCC_WARN_UNINITIALIZED_AUTOS = YES_AGGRESSIVE;
				GCC_WARN_UNUSED_FUNCTION = YES;
				GCC_WARN_UNUSED_VARIABLE = YES;
				IPHONEOS_DEPLOYMENT_TARGET = 14.1;
				MTL_ENABLE_DEBUG_INFO = NO;
				MTL_FAST_MATH = YES;
				SDKROOT = iphoneos;
				SWIFT_COMPILATION_MODE = wholemodule;
				SWIFT_OPTIMIZATION_LEVEL = "-O";
				VALIDATE_PRODUCT = YES;
			};
			name = Release;
		};
		1DCF7E3B275B3474009730E8 /* Debug */ = {
			isa = XCBuildConfiguration;
			buildSettings = {
				ASSETCATALOG_COMPILER_APPICON_NAME = AppIcon;
				ASSETCATALOG_COMPILER_GLOBAL_ACCENT_COLOR_NAME = AccentColor;
				CODE_SIGN_STYLE = Automatic;
				DEVELOPMENT_TEAM = M942N4BF5Y;
				INFOPLIST_FILE = Cars/Info.plist;
				LD_RUNPATH_SEARCH_PATHS = (
					"$(inherited)",
					"@executable_path/Frameworks",
				);
				PRODUCT_BUNDLE_IDENTIFIER = L9v0n.INC.Cars;
				PRODUCT_NAME = "$(TARGET_NAME)";
				SWIFT_VERSION = 5.0;
				TARGETED_DEVICE_FAMILY = "1,2";
			};
			name = Debug;
		};
		1DCF7E3C275B3474009730E8 /* Release */ = {
			isa = XCBuildConfiguration;
			buildSettings = {
				ASSETCATALOG_COMPILER_APPICON_NAME = AppIcon;
				ASSETCATALOG_COMPILER_GLOBAL_ACCENT_COLOR_NAME = AccentColor;
				CODE_SIGN_STYLE = Automatic;
				DEVELOPMENT_TEAM = M942N4BF5Y;
				INFOPLIST_FILE = Cars/Info.plist;
				LD_RUNPATH_SEARCH_PATHS = (
					"$(inherited)",
					"@executable_path/Frameworks",
				);
				PRODUCT_BUNDLE_IDENTIFIER = L9v0n.INC.Cars;
				PRODUCT_NAME = "$(TARGET_NAME)";
				SWIFT_VERSION = 5.0;
				TARGETED_DEVICE_FAMILY = "1,2";
			};
			name = Release;
		};
/* End XCBuildConfiguration section */

/* Begin XCConfigurationList section */
		1DCF7E21275B3470009730E8 /* Build configuration list for PBXProject "Cars" */ = {
			isa = XCConfigurationList;
			buildConfigurations = (
				1DCF7E38275B3474009730E8 /* Debug */,
				1DCF7E39275B3474009730E8 /* Release */,
			);
			defaultConfigurationIsVisible = 0;
			defaultConfigurationName = Release;
		};
		1DCF7E3A275B3474009730E8 /* Build configuration list for PBXNativeTarget "Cars" */ = {
			isa = XCConfigurationList;
			buildConfigurations = (
				1DCF7E3B275B3474009730E8 /* Debug */,
				1DCF7E3C275B3474009730E8 /* Release */,
			);
			defaultConfigurationIsVisible = 0;
			defaultConfigurationName = Release;
		};
/* End XCConfigurationList section */

/* Begin XCRemoteSwiftPackageReference section */
		1DCF7E47275B3F50009730E8 /* XCRemoteSwiftPackageReference "SnapKit" */ = {
			isa = XCRemoteSwiftPackageReference;
			repositoryURL = "https://github.com/SnapKit/SnapKit";
			requirement = {
				kind = upToNextMajorVersion;
				minimumVersion = 5.0.1;
			};
		};
/* End XCRemoteSwiftPackageReference section */

/* Begin XCSwiftPackageProductDependency section */
		1DCF7E48275B3F50009730E8 /* SnapKit */ = {
			isa = XCSwiftPackageProductDependency;
			package = 1DCF7E47275B3F50009730E8 /* XCRemoteSwiftPackageReference "SnapKit" */;
			productName = SnapKit;
		};
/* End XCSwiftPackageProductDependency section */
	};
	rootObject = 1DCF7E1E275B3470009730E8 /* Project object */;
}
